
Microsoft Visual Studio Solution File, Format Version 12.00
# Visual Studio Version 17
VisualStudioVersion = 17.5.002.0
MinimumVisualStudioVersion = 10.0.40219.1
Project("{9A19103F-16F7-4668-BE54-9A1E7A4F7556}") = "ContosoUniversity", "ContosoUniversity.csproj", "{C8E5D3F5-A5EE-4F21-B1EF-ABAC88BD6533}"
EndProject
Global
	GlobalSection(SolutionConfigurationPlatforms) = preSolution
		Debug|Any CPU = Debug|Any CPU
		Release|Any CPU = Release|Any CPU
	EndGlobalSection
	GlobalSection(ProjectConfigurationPlatforms) = postSolution
		{C8E5D3F5-A5EE-4F21-B1EF-ABAC88BD6533}.Debug|Any CPU.ActiveCfg = Debug|Any CPU
		{C8E5D3F5-A5EE-4F21-B1EF-ABAC88BD6533}.Debug|Any CPU.Build.0 = Debug|Any CPU
		{C8E5D3F5-A5EE-4F21-B1EF-ABAC88BD6533}.Release|Any CPU.ActiveCfg = Release|Any CPU
		{C8E5D3F5-A5EE-4F21-B1EF-ABAC88BD6533}.Release|Any CPU.Build.0 = Release|Any CPU
	EndGlobalSection
	GlobalSection(SolutionProperties) = preSolution
		HideSolutionNode = FALSE
	EndGlobalSection
	GlobalSection(ExtensibilityGlobals) = postSolution
		SolutionGuid = {40532EE5-4025-4EB0-984F-C4BA50E1C3E0}
	EndGlobalSection
EndGlobal
